{
  "name": "tailspin-toys",
  "lockfileVersion": 3,
  "requires": true,
  "packages": {
    "node_modules/@axe-core/playwright": {
      "version": "4.11.0",
      "resolved": "https://registry.npmjs.org/@axe-core/playwright/-/playwright-4.11.0.tgz",
      "integrity": "sha512-70vBT/Ylqpm65RQz2iCG2o0JJCEG/WCNyefTr2xcOcr1CoSee60gNQYUMZZ7YukoKkFLv26I/jjlsvwwp532oQ==",
      "dev": true,
      "license": "MPL-2.0",
      "dependencies": {
        "axe-core": "~4.11.0"
      },
      "peerDependencies": {
        "playwright-core": ">= 1.0.0"
      }
    },
    "node_modules/axe-core": {
      "version": "4.11.1",
      "resolved": "https://registry.npmjs.org/axe-core/-/axe-core-4.11.1.tgz",
      "integrity": "sha512-BASOg+YwO2C+346x3LZOeoovTIoTrRqEsqMa6fmfAV0P+U9mFr9NsyOEpiYvFjbc64NMrSswhV50WdXzdb/Z5A==",
      "dev": true,
      "license": "MPL-2.0",
      "engines": {
        "node": ">=4"
      }
    },
    "node_modules/playwright-core": {
      "version": "1.55.0",
      "resolved": "https://registry.npmjs.org/playwright-core/-/playwright-core-1.55.0.tgz",
      "integrity": "sha512-GvZs4vU3U5ro2nZpeiwyb0zuFaqb9sUiAJuyrWpcGouD8y9/HLgGbNRjIph7zU9D3hnPaisMl9zG9CgFi/biIg==",
      "dev": true,
      "license": "Apache-2.0",
      "peer": true,
      "bin": {
        "playwright-core": "cli.js"
      },
      "engines": {
        "node": ">=18"
      }
    }
  }
}
